<?xml version="1.0" encoding="utf-8"?>
<Project ToolsVersion="4.0" xmlns="http://schemas.microsoft.com/developer/msbuild/2003">
  <ItemGroup>
    <Filter Include="Special Files">
      <UniqueIdentifier>{1340A817-3DBB-1832-9493-18CD996EA715}</UniqueIdentifier>
    </Filter>
    <Filter Include="Special Files\Module Definition Files">
      <UniqueIdentifier>{6EC51922-1D06-709D-5F9B-6C62A5BC1B1C}</UniqueIdentifier>
    </Filter>
    <Filter Include="Header Files">
      <UniqueIdentifier>{65BCED7C-5FA8-CAC5-6E75-4B28C447F95A}</UniqueIdentifier>
    </Filter>
    <Filter Include="Header Files\WTL">
      <UniqueIdentifier>{96616F0F-F735-3EF5-FC35-A96C891F724C}</UniqueIdentifier>
    </Filter>
    <Filter Include="Header Files\pugixml">
      <UniqueIdentifier>{CCCB1A24-53CF-5497-4164-7FEBFB53439B}</UniqueIdentifier>
    </Filter>
    <Filter Include="Header Files\Utility classes">
      <UniqueIdentifier>{23012514-E9F7-21A2-7325-3281D54D92B9}</UniqueIdentifier>
    </Filter>
    <Filter Include="Resource Files">
      <UniqueIdentifier>{E3ECE7B2-AF2E-BFFD-52C2-823C962A6D48}</UniqueIdentifier>
    </Filter>
    <Filter Include="Source Files">
      <UniqueIdentifier>{DE1861F2-117B-FCB0-B133-291CD2B5E915}</UniqueIdentifier>
    </Filter>
  </ItemGroup>
  <ItemGroup>
    <None Include="delayload-stubs\kernel32-delayed.txt">
      <Filter>Special Files\Module Definition Files</Filter>
    </None>
    <None Include="delayload-stubs\ntdll-delayed.txt">
      <Filter>Special Files\Module Definition Files</Filter>
    </None>
    <None Include="res\ntobjx.ico">
      <Filter>Resource Files</Filter>
    </None>
    <None Include="ntobjx.manifest">
      <Filter>Special Files</Filter>
    </None>
    <None Include="hgid.cmd">
      <Filter>Special Files</Filter>
    </None>
    <None Include="relbuild.cmd">
      <Filter>Special Files</Filter>
    </None>
    <None Include="setvcvars.cmd">
      <Filter>Special Files</Filter>
    </None>
    <None Include="LICENSE.txt" />
    <None Include="README.rst" />
    <None Include="premake4.lua">
      <Filter>Special Files</Filter>
    </None>
  </ItemGroup>
  <ItemGroup>
    <ClInclude Include="wtl\Include\atlapp.h">
      <Filter>Header Files\WTL</Filter>
    </ClInclude>
    <ClInclude Include="wtl\Include\atlcrack.h">
      <Filter>Header Files\WTL</Filter>
    </ClInclude>
    <ClInclude Include="wtl\Include\atlctrls.h">
      <Filter>Header Files\WTL</Filter>
    </ClInclude>
    <ClInclude Include="wtl\Include\atlctrlw.h">
      <Filter>Header Files\WTL</Filter>
    </ClInclude>
    <ClInclude Include="wtl\Include\atlctrlx.h">
      <Filter>Header Files\WTL</Filter>
    </ClInclude>
    <ClInclude Include="wtl\Include\atlddx.h">
      <Filter>Header Files\WTL</Filter>
    </ClInclude>
    <ClInclude Include="wtl\Include\atldlgs.h">
      <Filter>Header Files\WTL</Filter>
    </ClInclude>
    <ClInclude Include="wtl\Include\atldwm.h">
      <Filter>Header Files\WTL</Filter>
    </ClInclude>
    <ClInclude Include="wtl\Include\atlfind.h">
      <Filter>Header Files\WTL</Filter>
    </ClInclude>
    <ClInclude Include="wtl\Include\atlframe.h">
      <Filter>Header Files\WTL</Filter>
    </ClInclude>
    <ClInclude Include="wtl\Include\atlgdi.h">
      <Filter>Header Files\WTL</Filter>
    </ClInclude>
    <ClInclude Include="wtl\Include\atlmisc.h">
      <Filter>Header Files\WTL</Filter>
    </ClInclude>
    <ClInclude Include="wtl\Include\atlprint.h">
      <Filter>Header Files\WTL</Filter>
    </ClInclude>
    <ClInclude Include="wtl\Include\atlres.h">
      <Filter>Header Files\WTL</Filter>
    </ClInclude>
    <ClInclude Include="wtl\Include\atlresce.h">
      <Filter>Header Files\WTL</Filter>
    </ClInclude>
    <ClInclude Include="wtl\Include\atlribbon.h">
      <Filter>Header Files\WTL</Filter>
    </ClInclude>
    <ClInclude Include="wtl\Include\atlscrl.h">
      <Filter>Header Files\WTL</Filter>
    </ClInclude>
    <ClInclude Include="wtl\Include\atlsplit.h">
      <Filter>Header Files\WTL</Filter>
    </ClInclude>
    <ClInclude Include="wtl\Include\atltheme.h">
      <Filter>Header Files\WTL</Filter>
    </ClInclude>
    <ClInclude Include="wtl\Include\atluser.h">
      <Filter>Header Files\WTL</Filter>
    </ClInclude>
    <ClInclude Include="wtl\Include\atlwince.h">
      <Filter>Header Files\WTL</Filter>
    </ClInclude>
    <ClInclude Include="wtl\Include\atlwinx.h">
      <Filter>Header Files\WTL</Filter>
    </ClInclude>
    <ClInclude Include="pugixml\pugiconfig.hpp">
      <Filter>Header Files\pugixml</Filter>
    </ClInclude>
    <ClInclude Include="pugixml\pugixml.hpp">
      <Filter>Header Files\pugixml</Filter>
    </ClInclude>
    <ClInclude Include="util\LoadLibrary.h">
      <Filter>Header Files\Utility classes</Filter>
    </ClInclude>
    <ClInclude Include="util\SimpleBuffer.h">
      <Filter>Header Files\Utility classes</Filter>
    </ClInclude>
    <ClInclude Include="util\VersionInfo.h">
      <Filter>Header Files\Utility classes</Filter>
    </ClInclude>
    <ClInclude Include="exeversion.h">
      <Filter>Header Files</Filter>
    </ClInclude>
    <ClInclude Include="ntnative.h">
      <Filter>Header Files</Filter>
    </ClInclude>
    <ClInclude Include="ntobjx.h">
      <Filter>Header Files</Filter>
    </ClInclude>
    <ClInclude Include="objtypes.h">
      <Filter>Header Files</Filter>
    </ClInclude>
    <ClInclude Include="reslang.h">
      <Filter>Header Files</Filter>
    </ClInclude>
    <ClInclude Include="resource.h">
      <Filter>Header Files</Filter>
    </ClInclude>
    <ClInclude Include="stdafx.h">
      <Filter>Header Files</Filter>
    </ClInclude>
    <ClInclude Include="fake_commodule.hpp">
      <Filter>Header Files</Filter>
    </ClInclude>
    <ClInclude Include="objmgr.hpp">
      <Filter>Header Files</Filter>
    </ClInclude>
  </ItemGroup>
  <ItemGroup>
    <ClCompile Include="delayimp.cpp">
      <Filter>Source Files</Filter>
    </ClCompile>
    <ClCompile Include="legacy-windows-glue.cpp">
      <Filter>Source Files</Filter>
    </ClCompile>
    <ClCompile Include="ntobjx.cpp">
      <Filter>Source Files</Filter>
    </ClCompile>
    <ClCompile Include="reslang.cpp">
      <Filter>Source Files</Filter>
    </ClCompile>
    <ClCompile Include="stdafx.cpp">
      <Filter>Source Files</Filter>
    </ClCompile>
  </ItemGroup>
  <ItemGroup>
    <ResourceCompile Include="exeversion.rc">
      <Filter>Resource Files</Filter>
    </ResourceCompile>
    <ResourceCompile Include="ntobjx.rc">
      <Filter>Resource Files</Filter>
    </ResourceCompile>
    <ResourceCompile Include="objtypes.rc">
      <Filter>Resource Files</Filter>
    </ResourceCompile>
  </ItemGroup>
</Project>
