<?xml version="1.0" encoding="utf-8"?>
<Project ToolsVersion="4.0" xmlns="http://schemas.microsoft.com/developer/msbuild/2003">
  <ItemGroup>
    <Filter Include="Header Files">
      <UniqueIdentifier>{9286D6A8-6BBB-8445-B459-D6E9C1F477B5}</UniqueIdentifier>
    </Filter>
    <Filter Include="Header Files\WTL">
      <UniqueIdentifier>{373EE6BD-3C97-B142-801E-FA8DED5F0DDD}</UniqueIdentifier>
    </Filter>
    <Filter Include="Special Files">
      <UniqueIdentifier>{E4A49263-7CFD-8C4B-B3AA-383AB446D02A}</UniqueIdentifier>
    </Filter>
    <Filter Include="Special Files\Module Definition Files">
      <UniqueIdentifier>{0D54135A-3746-A841-92CB-09FD030ACD2F}</UniqueIdentifier>
    </Filter>
    <Filter Include="pugixml">
      <UniqueIdentifier>{C19F30B6-D826-4043-9222-B6AE99331512}</UniqueIdentifier>
    </Filter>
    <Filter Include="Header Files\Utility classes">
      <UniqueIdentifier>{E1DF4025-D7EC-4541-AFD0-2C7BD3313CA8}</UniqueIdentifier>
    </Filter>
    <Filter Include="Resource Files">
      <UniqueIdentifier>{54FABA39-5236-B24D-AB20-B38C86F6619B}</UniqueIdentifier>
    </Filter>
    <Filter Include="Source Files">
      <UniqueIdentifier>{A0289365-18A6-8343-AA1F-D7E5ECBD0EBE}</UniqueIdentifier>
    </Filter>
  </ItemGroup>
  <ItemGroup>
    <None Include="ntdll-stubs\ntdll-delayed.txt">
      <Filter>Special Files\Module Definition Files</Filter>
    </None>
    <None Include="ntobjx.manifest">
      <Filter>Special Files</Filter>
    </None>
    <None Include="hgid.cmd">
      <Filter>Special Files</Filter>
    </None>
    <None Include="relbuild.cmd">
      <Filter>Special Files</Filter>
    </None>
    <None Include="setvcvars.cmd">
      <Filter>Special Files</Filter>
    </None>
    <None Include="LICENSE.txt" />
    <None Include="README.rst" />
    <None Include="premake4.lua">
      <Filter>Special Files</Filter>
    </None>
  </ItemGroup>
  <ItemGroup>
    <ClInclude Include="wtl\Include\atlapp.h">
      <Filter>Header Files\WTL</Filter>
    </ClInclude>
    <ClInclude Include="wtl\Include\atlcrack.h">
      <Filter>Header Files\WTL</Filter>
    </ClInclude>
    <ClInclude Include="wtl\Include\atlctrls.h">
      <Filter>Header Files\WTL</Filter>
    </ClInclude>
    <ClInclude Include="wtl\Include\atlctrlw.h">
      <Filter>Header Files\WTL</Filter>
    </ClInclude>
    <ClInclude Include="wtl\Include\atlctrlx.h">
      <Filter>Header Files\WTL</Filter>
    </ClInclude>
    <ClInclude Include="wtl\Include\atlddx.h">
      <Filter>Header Files\WTL</Filter>
    </ClInclude>
    <ClInclude Include="wtl\Include\atldlgs.h">
      <Filter>Header Files\WTL</Filter>
    </ClInclude>
    <ClInclude Include="wtl\Include\atldwm.h">
      <Filter>Header Files\WTL</Filter>
    </ClInclude>
    <ClInclude Include="wtl\Include\atlfind.h">
      <Filter>Header Files\WTL</Filter>
    </ClInclude>
    <ClInclude Include="wtl\Include\atlframe.h">
      <Filter>Header Files\WTL</Filter>
    </ClInclude>
    <ClInclude Include="wtl\Include\atlgdi.h">
      <Filter>Header Files\WTL</Filter>
    </ClInclude>
    <ClInclude Include="wtl\Include\atlmisc.h">
      <Filter>Header Files\WTL</Filter>
    </ClInclude>
    <ClInclude Include="wtl\Include\atlprint.h">
      <Filter>Header Files\WTL</Filter>
    </ClInclude>
    <ClInclude Include="wtl\Include\atlres.h">
      <Filter>Header Files\WTL</Filter>
    </ClInclude>
    <ClInclude Include="wtl\Include\atlresce.h">
      <Filter>Header Files\WTL</Filter>
    </ClInclude>
    <ClInclude Include="wtl\Include\atlribbon.h">
      <Filter>Header Files\WTL</Filter>
    </ClInclude>
    <ClInclude Include="wtl\Include\atlscrl.h">
      <Filter>Header Files\WTL</Filter>
    </ClInclude>
    <ClInclude Include="wtl\Include\atlsplit.h">
      <Filter>Header Files\WTL</Filter>
    </ClInclude>
    <ClInclude Include="wtl\Include\atltheme.h">
      <Filter>Header Files\WTL</Filter>
    </ClInclude>
    <ClInclude Include="wtl\Include\atluser.h">
      <Filter>Header Files\WTL</Filter>
    </ClInclude>
    <ClInclude Include="wtl\Include\atlwince.h">
      <Filter>Header Files\WTL</Filter>
    </ClInclude>
    <ClInclude Include="wtl\Include\atlwinx.h">
      <Filter>Header Files\WTL</Filter>
    </ClInclude>
    <ClInclude Include="pugixml\pugiconfig.hpp">
      <Filter>pugixml</Filter>
    </ClInclude>
    <ClInclude Include="pugixml\pugixml.hpp">
      <Filter>pugixml</Filter>
    </ClInclude>
    <ClInclude Include="exeversion.h">
      <Filter>Header Files</Filter>
    </ClInclude>
    <ClInclude Include="ntnative.h">
      <Filter>Header Files</Filter>
    </ClInclude>
    <ClInclude Include="ntobjx.h">
      <Filter>Header Files</Filter>
    </ClInclude>
    <ClInclude Include="objtypes.h">
      <Filter>Header Files</Filter>
    </ClInclude>
    <ClInclude Include="reslang.h">
      <Filter>Header Files</Filter>
    </ClInclude>
    <ClInclude Include="resource.h">
      <Filter>Header Files</Filter>
    </ClInclude>
    <ClInclude Include="stdafx.h">
      <Filter>Header Files</Filter>
    </ClInclude>
    <ClInclude Include="util\LoadLibrary.h">
      <Filter>Header Files\Utility classes</Filter>
    </ClInclude>
    <ClInclude Include="util\SimpleBuffer.h">
      <Filter>Header Files\Utility classes</Filter>
    </ClInclude>
    <ClInclude Include="util\VersionInfo.h">
      <Filter>Header Files\Utility classes</Filter>
    </ClInclude>
    <ClInclude Include="fake_commodule.hpp">
      <Filter>Header Files</Filter>
    </ClInclude>
    <ClInclude Include="objmgr.hpp">
      <Filter>Header Files</Filter>
    </ClInclude>
  </ItemGroup>
  <ItemGroup>
    <ClCompile Include="delayimp.cpp">
      <Filter>Source Files</Filter>
    </ClCompile>
    <ClCompile Include="ntobjx.cpp">
      <Filter>Source Files</Filter>
    </ClCompile>
    <ClCompile Include="reslang.cpp">
      <Filter>Source Files</Filter>
    </ClCompile>
    <ClCompile Include="stdafx.cpp">
      <Filter>Source Files</Filter>
    </ClCompile>
  </ItemGroup>
  <ItemGroup>
    <ResourceCompile Include="exeversion.rc">
      <Filter>Resource Files</Filter>
    </ResourceCompile>
    <ResourceCompile Include="ntobjx.rc">
      <Filter>Resource Files</Filter>
    </ResourceCompile>
    <ResourceCompile Include="objtypes.rc">
      <Filter>Resource Files</Filter>
    </ResourceCompile>
  </ItemGroup>
</Project>
