
Microsoft Visual Studio Solution File, Format Version 9.00
# Visual Studio 2005
Project("{8BC9CEB8-8B4A-11D0-8D11-00A0C91BC942}") = "ntobjx.WLH", "ntobjx.WLH.vcproj", "{489B2975-CEEB-4209-BD43-781BBCC409BE}"
EndProject
Project("{8BC9CEB8-8B4A-11D0-8D11-00A0C91BC942}") = "ntobjx.W7", "ntobjx.W7.vcproj", "{7B9C7DB8-DE29-4EFE-B3EA-74AF8C1ED98C}"
EndProject
Global
	GlobalSection(SolutionConfigurationPlatforms) = preSolution
		W7 checked (PREfast)|Win32 = W7 checked (PREfast)|Win32
		W7 checked|Win32 = W7 checked|Win32
		W7 free|Win32 = W7 free|Win32
		W7LH checked (PREfast)|Win32 = W7LH checked (PREfast)|Win32
		W7LH checked|Win32 = W7LH checked|Win32
		W7LH free|Win32 = W7LH free|Win32
		W7LHX64 checked (PREfast)|Win32 = W7LHX64 checked (PREfast)|Win32
		W7LHX64 checked|Win32 = W7LHX64 checked|Win32
		W7LHX64 free|Win32 = W7LHX64 free|Win32
		W7NET checked (PREfast)|Win32 = W7NET checked (PREfast)|Win32
		W7NET checked|Win32 = W7NET checked|Win32
		W7NET free|Win32 = W7NET free|Win32
		W7NETX64 checked (PREfast)|Win32 = W7NETX64 checked (PREfast)|Win32
		W7NETX64 checked|Win32 = W7NETX64 checked|Win32
		W7NETX64 free|Win32 = W7NETX64 free|Win32
		W7X64 checked (PREfast)|Win32 = W7X64 checked (PREfast)|Win32
		W7X64 checked|Win32 = W7X64 checked|Win32
		W7X64 free|Win32 = W7X64 free|Win32
		W7XP checked (PREfast)|Win32 = W7XP checked (PREfast)|Win32
		W7XP checked|Win32 = W7XP checked|Win32
		W7XP free|Win32 = W7XP free|Win32
		WLH checked (PREfast)|Win32 = WLH checked (PREfast)|Win32
		WLH checked|Win32 = WLH checked|Win32
		WLH free|Win32 = WLH free|Win32
		WLH2K checked (PREfast)|Win32 = WLH2K checked (PREfast)|Win32
		WLH2K checked|Win32 = WLH2K checked|Win32
		WLH2K free|Win32 = WLH2K free|Win32
		WLHNET checked (PREfast)|Win32 = WLHNET checked (PREfast)|Win32
		WLHNET checked|Win32 = WLHNET checked|Win32
		WLHNET free|Win32 = WLHNET free|Win32
		WLHNETX64 checked (PREfast)|Win32 = WLHNETX64 checked (PREfast)|Win32
		WLHNETX64 checked|Win32 = WLHNETX64 checked|Win32
		WLHNETX64 free|Win32 = WLHNETX64 free|Win32
		WLHX64 checked (PREfast)|Win32 = WLHX64 checked (PREfast)|Win32
		WLHX64 checked|Win32 = WLHX64 checked|Win32
		WLHX64 free|Win32 = WLHX64 free|Win32
		WLHXP checked (PREfast)|Win32 = WLHXP checked (PREfast)|Win32
		WLHXP checked|Win32 = WLHXP checked|Win32
		WLHXP free|Win32 = WLHXP free|Win32
	EndGlobalSection
	GlobalSection(ProjectConfigurationPlatforms) = postSolution
		{489B2975-CEEB-4209-BD43-781BBCC409BE}.W7 checked (PREfast)|Win32.ActiveCfg = WLHX64 checked (PREfast)|Win32
		{489B2975-CEEB-4209-BD43-781BBCC409BE}.W7 checked|Win32.ActiveCfg = WLHX64 checked (PREfast)|Win32
		{489B2975-CEEB-4209-BD43-781BBCC409BE}.W7 free|Win32.ActiveCfg = WLHX64 checked (PREfast)|Win32
		{489B2975-CEEB-4209-BD43-781BBCC409BE}.W7LH checked (PREfast)|Win32.ActiveCfg = WLHX64 checked (PREfast)|Win32
		{489B2975-CEEB-4209-BD43-781BBCC409BE}.W7LH checked|Win32.ActiveCfg = WLHX64 checked (PREfast)|Win32
		{489B2975-CEEB-4209-BD43-781BBCC409BE}.W7LH free|Win32.ActiveCfg = WLHX64 checked (PREfast)|Win32
		{489B2975-CEEB-4209-BD43-781BBCC409BE}.W7LHX64 checked (PREfast)|Win32.ActiveCfg = WLHX64 checked (PREfast)|Win32
		{489B2975-CEEB-4209-BD43-781BBCC409BE}.W7LHX64 checked|Win32.ActiveCfg = WLHX64 checked (PREfast)|Win32
		{489B2975-CEEB-4209-BD43-781BBCC409BE}.W7LHX64 free|Win32.ActiveCfg = WLHX64 checked (PREfast)|Win32
		{489B2975-CEEB-4209-BD43-781BBCC409BE}.W7NET checked (PREfast)|Win32.ActiveCfg = WLHX64 checked (PREfast)|Win32
		{489B2975-CEEB-4209-BD43-781BBCC409BE}.W7NET checked|Win32.ActiveCfg = WLHX64 checked (PREfast)|Win32
		{489B2975-CEEB-4209-BD43-781BBCC409BE}.W7NET free|Win32.ActiveCfg = WLHX64 checked (PREfast)|Win32
		{489B2975-CEEB-4209-BD43-781BBCC409BE}.W7NETX64 checked (PREfast)|Win32.ActiveCfg = WLHX64 checked (PREfast)|Win32
		{489B2975-CEEB-4209-BD43-781BBCC409BE}.W7NETX64 checked|Win32.ActiveCfg = WLHX64 checked (PREfast)|Win32
		{489B2975-CEEB-4209-BD43-781BBCC409BE}.W7NETX64 free|Win32.ActiveCfg = WLHX64 checked (PREfast)|Win32
		{489B2975-CEEB-4209-BD43-781BBCC409BE}.W7X64 checked (PREfast)|Win32.ActiveCfg = WLHX64 checked (PREfast)|Win32
		{489B2975-CEEB-4209-BD43-781BBCC409BE}.W7X64 checked|Win32.ActiveCfg = WLHX64 checked (PREfast)|Win32
		{489B2975-CEEB-4209-BD43-781BBCC409BE}.W7X64 free|Win32.ActiveCfg = WLHX64 checked (PREfast)|Win32
		{489B2975-CEEB-4209-BD43-781BBCC409BE}.W7XP checked (PREfast)|Win32.ActiveCfg = WLHX64 checked (PREfast)|Win32
		{489B2975-CEEB-4209-BD43-781BBCC409BE}.W7XP checked|Win32.ActiveCfg = WLHX64 checked (PREfast)|Win32
		{489B2975-CEEB-4209-BD43-781BBCC409BE}.W7XP free|Win32.ActiveCfg = WLHX64 checked (PREfast)|Win32
		{489B2975-CEEB-4209-BD43-781BBCC409BE}.WLH checked (PREfast)|Win32.ActiveCfg = WLH checked (PREfast)|Win32
		{489B2975-CEEB-4209-BD43-781BBCC409BE}.WLH checked (PREfast)|Win32.Build.0 = WLH checked (PREfast)|Win32
		{489B2975-CEEB-4209-BD43-781BBCC409BE}.WLH checked (PREfast)|Win32.Deploy.0 = WLH checked (PREfast)|Win32
		{489B2975-CEEB-4209-BD43-781BBCC409BE}.WLH checked|Win32.ActiveCfg = WLH checked|Win32
		{489B2975-CEEB-4209-BD43-781BBCC409BE}.WLH checked|Win32.Build.0 = WLH checked|Win32
		{489B2975-CEEB-4209-BD43-781BBCC409BE}.WLH checked|Win32.Deploy.0 = WLH checked|Win32
		{489B2975-CEEB-4209-BD43-781BBCC409BE}.WLH free|Win32.ActiveCfg = WLH free|Win32
		{489B2975-CEEB-4209-BD43-781BBCC409BE}.WLH free|Win32.Build.0 = WLH free|Win32
		{489B2975-CEEB-4209-BD43-781BBCC409BE}.WLH free|Win32.Deploy.0 = WLH free|Win32
		{489B2975-CEEB-4209-BD43-781BBCC409BE}.WLH2K checked (PREfast)|Win32.ActiveCfg = WLH2K checked (PREfast)|Win32
		{489B2975-CEEB-4209-BD43-781BBCC409BE}.WLH2K checked (PREfast)|Win32.Build.0 = WLH2K checked (PREfast)|Win32
		{489B2975-CEEB-4209-BD43-781BBCC409BE}.WLH2K checked (PREfast)|Win32.Deploy.0 = WLH2K checked (PREfast)|Win32
		{489B2975-CEEB-4209-BD43-781BBCC409BE}.WLH2K checked|Win32.ActiveCfg = WLH2K checked|Win32
		{489B2975-CEEB-4209-BD43-781BBCC409BE}.WLH2K checked|Win32.Build.0 = WLH2K checked|Win32
		{489B2975-CEEB-4209-BD43-781BBCC409BE}.WLH2K checked|Win32.Deploy.0 = WLH2K checked|Win32
		{489B2975-CEEB-4209-BD43-781BBCC409BE}.WLH2K free|Win32.ActiveCfg = WLH2K free|Win32
		{489B2975-CEEB-4209-BD43-781BBCC409BE}.WLH2K free|Win32.Build.0 = WLH2K free|Win32
		{489B2975-CEEB-4209-BD43-781BBCC409BE}.WLH2K free|Win32.Deploy.0 = WLH2K free|Win32
		{489B2975-CEEB-4209-BD43-781BBCC409BE}.WLHNET checked (PREfast)|Win32.ActiveCfg = WLHNET checked (PREfast)|Win32
		{489B2975-CEEB-4209-BD43-781BBCC409BE}.WLHNET checked (PREfast)|Win32.Build.0 = WLHNET checked (PREfast)|Win32
		{489B2975-CEEB-4209-BD43-781BBCC409BE}.WLHNET checked (PREfast)|Win32.Deploy.0 = WLHNET checked (PREfast)|Win32
		{489B2975-CEEB-4209-BD43-781BBCC409BE}.WLHNET checked|Win32.ActiveCfg = WLHNET checked|Win32
		{489B2975-CEEB-4209-BD43-781BBCC409BE}.WLHNET checked|Win32.Build.0 = WLHNET checked|Win32
		{489B2975-CEEB-4209-BD43-781BBCC409BE}.WLHNET checked|Win32.Deploy.0 = WLHNET checked|Win32
		{489B2975-CEEB-4209-BD43-781BBCC409BE}.WLHNET free|Win32.ActiveCfg = WLHNET free|Win32
		{489B2975-CEEB-4209-BD43-781BBCC409BE}.WLHNET free|Win32.Build.0 = WLHNET free|Win32
		{489B2975-CEEB-4209-BD43-781BBCC409BE}.WLHNET free|Win32.Deploy.0 = WLHNET free|Win32
		{489B2975-CEEB-4209-BD43-781BBCC409BE}.WLHNETX64 checked (PREfast)|Win32.ActiveCfg = WLHNETX64 checked (PREfast)|Win32
		{489B2975-CEEB-4209-BD43-781BBCC409BE}.WLHNETX64 checked (PREfast)|Win32.Build.0 = WLHNETX64 checked (PREfast)|Win32
		{489B2975-CEEB-4209-BD43-781BBCC409BE}.WLHNETX64 checked (PREfast)|Win32.Deploy.0 = WLHNETX64 checked (PREfast)|Win32
		{489B2975-CEEB-4209-BD43-781BBCC409BE}.WLHNETX64 checked|Win32.ActiveCfg = WLHNETX64 checked|Win32
		{489B2975-CEEB-4209-BD43-781BBCC409BE}.WLHNETX64 checked|Win32.Build.0 = WLHNETX64 checked|Win32
		{489B2975-CEEB-4209-BD43-781BBCC409BE}.WLHNETX64 checked|Win32.Deploy.0 = WLHNETX64 checked|Win32
		{489B2975-CEEB-4209-BD43-781BBCC409BE}.WLHNETX64 free|Win32.ActiveCfg = WLHNETX64 free|Win32
		{489B2975-CEEB-4209-BD43-781BBCC409BE}.WLHNETX64 free|Win32.Build.0 = WLHNETX64 free|Win32
		{489B2975-CEEB-4209-BD43-781BBCC409BE}.WLHNETX64 free|Win32.Deploy.0 = WLHNETX64 free|Win32
		{489B2975-CEEB-4209-BD43-781BBCC409BE}.WLHX64 checked (PREfast)|Win32.ActiveCfg = WLHX64 checked (PREfast)|Win32
		{489B2975-CEEB-4209-BD43-781BBCC409BE}.WLHX64 checked (PREfast)|Win32.Build.0 = WLHX64 checked (PREfast)|Win32
		{489B2975-CEEB-4209-BD43-781BBCC409BE}.WLHX64 checked (PREfast)|Win32.Deploy.0 = WLHX64 checked (PREfast)|Win32
		{489B2975-CEEB-4209-BD43-781BBCC409BE}.WLHX64 checked|Win32.ActiveCfg = WLHX64 checked|Win32
		{489B2975-CEEB-4209-BD43-781BBCC409BE}.WLHX64 checked|Win32.Build.0 = WLHX64 checked|Win32
		{489B2975-CEEB-4209-BD43-781BBCC409BE}.WLHX64 checked|Win32.Deploy.0 = WLHX64 checked|Win32
		{489B2975-CEEB-4209-BD43-781BBCC409BE}.WLHX64 free|Win32.ActiveCfg = WLHX64 free|Win32
		{489B2975-CEEB-4209-BD43-781BBCC409BE}.WLHX64 free|Win32.Build.0 = WLHX64 free|Win32
		{489B2975-CEEB-4209-BD43-781BBCC409BE}.WLHX64 free|Win32.Deploy.0 = WLHX64 free|Win32
		{489B2975-CEEB-4209-BD43-781BBCC409BE}.WLHXP checked (PREfast)|Win32.ActiveCfg = WLHXP checked (PREfast)|Win32
		{489B2975-CEEB-4209-BD43-781BBCC409BE}.WLHXP checked (PREfast)|Win32.Build.0 = WLHXP checked (PREfast)|Win32
		{489B2975-CEEB-4209-BD43-781BBCC409BE}.WLHXP checked (PREfast)|Win32.Deploy.0 = WLHXP checked (PREfast)|Win32
		{489B2975-CEEB-4209-BD43-781BBCC409BE}.WLHXP checked|Win32.ActiveCfg = WLHXP checked|Win32
		{489B2975-CEEB-4209-BD43-781BBCC409BE}.WLHXP checked|Win32.Build.0 = WLHXP checked|Win32
		{489B2975-CEEB-4209-BD43-781BBCC409BE}.WLHXP checked|Win32.Deploy.0 = WLHXP checked|Win32
		{489B2975-CEEB-4209-BD43-781BBCC409BE}.WLHXP free|Win32.ActiveCfg = WLHXP free|Win32
		{489B2975-CEEB-4209-BD43-781BBCC409BE}.WLHXP free|Win32.Build.0 = WLHXP free|Win32
		{489B2975-CEEB-4209-BD43-781BBCC409BE}.WLHXP free|Win32.Deploy.0 = WLHXP free|Win32
		{7B9C7DB8-DE29-4EFE-B3EA-74AF8C1ED98C}.W7 checked (PREfast)|Win32.ActiveCfg = W7 checked (PREfast)|Win32
		{7B9C7DB8-DE29-4EFE-B3EA-74AF8C1ED98C}.W7 checked (PREfast)|Win32.Build.0 = W7 checked (PREfast)|Win32
		{7B9C7DB8-DE29-4EFE-B3EA-74AF8C1ED98C}.W7 checked (PREfast)|Win32.Deploy.0 = W7 checked (PREfast)|Win32
		{7B9C7DB8-DE29-4EFE-B3EA-74AF8C1ED98C}.W7 checked|Win32.ActiveCfg = W7 checked|Win32
		{7B9C7DB8-DE29-4EFE-B3EA-74AF8C1ED98C}.W7 checked|Win32.Build.0 = W7 checked|Win32
		{7B9C7DB8-DE29-4EFE-B3EA-74AF8C1ED98C}.W7 checked|Win32.Deploy.0 = W7 checked|Win32
		{7B9C7DB8-DE29-4EFE-B3EA-74AF8C1ED98C}.W7 free|Win32.ActiveCfg = W7 free|Win32
		{7B9C7DB8-DE29-4EFE-B3EA-74AF8C1ED98C}.W7 free|Win32.Build.0 = W7 free|Win32
		{7B9C7DB8-DE29-4EFE-B3EA-74AF8C1ED98C}.W7 free|Win32.Deploy.0 = W7 free|Win32
		{7B9C7DB8-DE29-4EFE-B3EA-74AF8C1ED98C}.W7LH checked (PREfast)|Win32.ActiveCfg = W7LH checked (PREfast)|Win32
		{7B9C7DB8-DE29-4EFE-B3EA-74AF8C1ED98C}.W7LH checked (PREfast)|Win32.Build.0 = W7LH checked (PREfast)|Win32
		{7B9C7DB8-DE29-4EFE-B3EA-74AF8C1ED98C}.W7LH checked (PREfast)|Win32.Deploy.0 = W7LH checked (PREfast)|Win32
		{7B9C7DB8-DE29-4EFE-B3EA-74AF8C1ED98C}.W7LH checked|Win32.ActiveCfg = W7LH checked|Win32
		{7B9C7DB8-DE29-4EFE-B3EA-74AF8C1ED98C}.W7LH checked|Win32.Build.0 = W7LH checked|Win32
		{7B9C7DB8-DE29-4EFE-B3EA-74AF8C1ED98C}.W7LH checked|Win32.Deploy.0 = W7LH checked|Win32
		{7B9C7DB8-DE29-4EFE-B3EA-74AF8C1ED98C}.W7LH free|Win32.ActiveCfg = W7LH free|Win32
		{7B9C7DB8-DE29-4EFE-B3EA-74AF8C1ED98C}.W7LH free|Win32.Build.0 = W7LH free|Win32
		{7B9C7DB8-DE29-4EFE-B3EA-74AF8C1ED98C}.W7LH free|Win32.Deploy.0 = W7LH free|Win32
		{7B9C7DB8-DE29-4EFE-B3EA-74AF8C1ED98C}.W7LHX64 checked (PREfast)|Win32.ActiveCfg = W7LHX64 checked (PREfast)|Win32
		{7B9C7DB8-DE29-4EFE-B3EA-74AF8C1ED98C}.W7LHX64 checked (PREfast)|Win32.Build.0 = W7LHX64 checked (PREfast)|Win32
		{7B9C7DB8-DE29-4EFE-B3EA-74AF8C1ED98C}.W7LHX64 checked (PREfast)|Win32.Deploy.0 = W7LHX64 checked (PREfast)|Win32
		{7B9C7DB8-DE29-4EFE-B3EA-74AF8C1ED98C}.W7LHX64 checked|Win32.ActiveCfg = W7LHX64 checked|Win32
		{7B9C7DB8-DE29-4EFE-B3EA-74AF8C1ED98C}.W7LHX64 checked|Win32.Build.0 = W7LHX64 checked|Win32
		{7B9C7DB8-DE29-4EFE-B3EA-74AF8C1ED98C}.W7LHX64 checked|Win32.Deploy.0 = W7LHX64 checked|Win32
		{7B9C7DB8-DE29-4EFE-B3EA-74AF8C1ED98C}.W7LHX64 free|Win32.ActiveCfg = W7LHX64 free|Win32
		{7B9C7DB8-DE29-4EFE-B3EA-74AF8C1ED98C}.W7LHX64 free|Win32.Build.0 = W7LHX64 free|Win32
		{7B9C7DB8-DE29-4EFE-B3EA-74AF8C1ED98C}.W7LHX64 free|Win32.Deploy.0 = W7LHX64 free|Win32
		{7B9C7DB8-DE29-4EFE-B3EA-74AF8C1ED98C}.W7NET checked (PREfast)|Win32.ActiveCfg = W7NET checked (PREfast)|Win32
		{7B9C7DB8-DE29-4EFE-B3EA-74AF8C1ED98C}.W7NET checked (PREfast)|Win32.Build.0 = W7NET checked (PREfast)|Win32
		{7B9C7DB8-DE29-4EFE-B3EA-74AF8C1ED98C}.W7NET checked (PREfast)|Win32.Deploy.0 = W7NET checked (PREfast)|Win32
		{7B9C7DB8-DE29-4EFE-B3EA-74AF8C1ED98C}.W7NET checked|Win32.ActiveCfg = W7NET checked|Win32
		{7B9C7DB8-DE29-4EFE-B3EA-74AF8C1ED98C}.W7NET checked|Win32.Build.0 = W7NET checked|Win32
		{7B9C7DB8-DE29-4EFE-B3EA-74AF8C1ED98C}.W7NET checked|Win32.Deploy.0 = W7NET checked|Win32
		{7B9C7DB8-DE29-4EFE-B3EA-74AF8C1ED98C}.W7NET free|Win32.ActiveCfg = W7NET free|Win32
		{7B9C7DB8-DE29-4EFE-B3EA-74AF8C1ED98C}.W7NET free|Win32.Build.0 = W7NET free|Win32
		{7B9C7DB8-DE29-4EFE-B3EA-74AF8C1ED98C}.W7NET free|Win32.Deploy.0 = W7NET free|Win32
		{7B9C7DB8-DE29-4EFE-B3EA-74AF8C1ED98C}.W7NETX64 checked (PREfast)|Win32.ActiveCfg = W7NETX64 checked (PREfast)|Win32
		{7B9C7DB8-DE29-4EFE-B3EA-74AF8C1ED98C}.W7NETX64 checked (PREfast)|Win32.Build.0 = W7NETX64 checked (PREfast)|Win32
		{7B9C7DB8-DE29-4EFE-B3EA-74AF8C1ED98C}.W7NETX64 checked (PREfast)|Win32.Deploy.0 = W7NETX64 checked (PREfast)|Win32
		{7B9C7DB8-DE29-4EFE-B3EA-74AF8C1ED98C}.W7NETX64 checked|Win32.ActiveCfg = W7NETX64 checked|Win32
		{7B9C7DB8-DE29-4EFE-B3EA-74AF8C1ED98C}.W7NETX64 checked|Win32.Build.0 = W7NETX64 checked|Win32
		{7B9C7DB8-DE29-4EFE-B3EA-74AF8C1ED98C}.W7NETX64 checked|Win32.Deploy.0 = W7NETX64 checked|Win32
		{7B9C7DB8-DE29-4EFE-B3EA-74AF8C1ED98C}.W7NETX64 free|Win32.ActiveCfg = W7NETX64 free|Win32
		{7B9C7DB8-DE29-4EFE-B3EA-74AF8C1ED98C}.W7NETX64 free|Win32.Build.0 = W7NETX64 free|Win32
		{7B9C7DB8-DE29-4EFE-B3EA-74AF8C1ED98C}.W7NETX64 free|Win32.Deploy.0 = W7NETX64 free|Win32
		{7B9C7DB8-DE29-4EFE-B3EA-74AF8C1ED98C}.W7X64 checked (PREfast)|Win32.ActiveCfg = W7X64 checked (PREfast)|Win32
		{7B9C7DB8-DE29-4EFE-B3EA-74AF8C1ED98C}.W7X64 checked (PREfast)|Win32.Build.0 = W7X64 checked (PREfast)|Win32
		{7B9C7DB8-DE29-4EFE-B3EA-74AF8C1ED98C}.W7X64 checked (PREfast)|Win32.Deploy.0 = W7X64 checked (PREfast)|Win32
		{7B9C7DB8-DE29-4EFE-B3EA-74AF8C1ED98C}.W7X64 checked|Win32.ActiveCfg = W7X64 checked|Win32
		{7B9C7DB8-DE29-4EFE-B3EA-74AF8C1ED98C}.W7X64 checked|Win32.Build.0 = W7X64 checked|Win32
		{7B9C7DB8-DE29-4EFE-B3EA-74AF8C1ED98C}.W7X64 checked|Win32.Deploy.0 = W7X64 checked|Win32
		{7B9C7DB8-DE29-4EFE-B3EA-74AF8C1ED98C}.W7X64 free|Win32.ActiveCfg = W7X64 free|Win32
		{7B9C7DB8-DE29-4EFE-B3EA-74AF8C1ED98C}.W7X64 free|Win32.Build.0 = W7X64 free|Win32
		{7B9C7DB8-DE29-4EFE-B3EA-74AF8C1ED98C}.W7X64 free|Win32.Deploy.0 = W7X64 free|Win32
		{7B9C7DB8-DE29-4EFE-B3EA-74AF8C1ED98C}.W7XP checked (PREfast)|Win32.ActiveCfg = W7XP checked (PREfast)|Win32
		{7B9C7DB8-DE29-4EFE-B3EA-74AF8C1ED98C}.W7XP checked (PREfast)|Win32.Build.0 = W7XP checked (PREfast)|Win32
		{7B9C7DB8-DE29-4EFE-B3EA-74AF8C1ED98C}.W7XP checked (PREfast)|Win32.Deploy.0 = W7XP checked (PREfast)|Win32
		{7B9C7DB8-DE29-4EFE-B3EA-74AF8C1ED98C}.W7XP checked|Win32.ActiveCfg = W7XP checked|Win32
		{7B9C7DB8-DE29-4EFE-B3EA-74AF8C1ED98C}.W7XP checked|Win32.Build.0 = W7XP checked|Win32
		{7B9C7DB8-DE29-4EFE-B3EA-74AF8C1ED98C}.W7XP checked|Win32.Deploy.0 = W7XP checked|Win32
		{7B9C7DB8-DE29-4EFE-B3EA-74AF8C1ED98C}.W7XP free|Win32.ActiveCfg = W7XP free|Win32
		{7B9C7DB8-DE29-4EFE-B3EA-74AF8C1ED98C}.W7XP free|Win32.Build.0 = W7XP free|Win32
		{7B9C7DB8-DE29-4EFE-B3EA-74AF8C1ED98C}.W7XP free|Win32.Deploy.0 = W7XP free|Win32
		{7B9C7DB8-DE29-4EFE-B3EA-74AF8C1ED98C}.WLH checked (PREfast)|Win32.ActiveCfg = W7XP checked (PREfast)|Win32
		{7B9C7DB8-DE29-4EFE-B3EA-74AF8C1ED98C}.WLH checked|Win32.ActiveCfg = W7XP checked (PREfast)|Win32
		{7B9C7DB8-DE29-4EFE-B3EA-74AF8C1ED98C}.WLH free|Win32.ActiveCfg = W7XP checked (PREfast)|Win32
		{7B9C7DB8-DE29-4EFE-B3EA-74AF8C1ED98C}.WLH2K checked (PREfast)|Win32.ActiveCfg = W7XP checked (PREfast)|Win32
		{7B9C7DB8-DE29-4EFE-B3EA-74AF8C1ED98C}.WLH2K checked|Win32.ActiveCfg = W7XP checked (PREfast)|Win32
		{7B9C7DB8-DE29-4EFE-B3EA-74AF8C1ED98C}.WLH2K free|Win32.ActiveCfg = W7XP checked (PREfast)|Win32
		{7B9C7DB8-DE29-4EFE-B3EA-74AF8C1ED98C}.WLHNET checked (PREfast)|Win32.ActiveCfg = W7XP checked (PREfast)|Win32
		{7B9C7DB8-DE29-4EFE-B3EA-74AF8C1ED98C}.WLHNET checked|Win32.ActiveCfg = W7XP checked (PREfast)|Win32
		{7B9C7DB8-DE29-4EFE-B3EA-74AF8C1ED98C}.WLHNET free|Win32.ActiveCfg = W7XP checked (PREfast)|Win32
		{7B9C7DB8-DE29-4EFE-B3EA-74AF8C1ED98C}.WLHNETX64 checked (PREfast)|Win32.ActiveCfg = W7XP checked (PREfast)|Win32
		{7B9C7DB8-DE29-4EFE-B3EA-74AF8C1ED98C}.WLHNETX64 checked|Win32.ActiveCfg = W7XP checked (PREfast)|Win32
		{7B9C7DB8-DE29-4EFE-B3EA-74AF8C1ED98C}.WLHNETX64 free|Win32.ActiveCfg = W7XP checked (PREfast)|Win32
		{7B9C7DB8-DE29-4EFE-B3EA-74AF8C1ED98C}.WLHX64 checked (PREfast)|Win32.ActiveCfg = W7XP checked (PREfast)|Win32
		{7B9C7DB8-DE29-4EFE-B3EA-74AF8C1ED98C}.WLHX64 checked|Win32.ActiveCfg = W7XP checked (PREfast)|Win32
		{7B9C7DB8-DE29-4EFE-B3EA-74AF8C1ED98C}.WLHX64 free|Win32.ActiveCfg = W7XP checked (PREfast)|Win32
		{7B9C7DB8-DE29-4EFE-B3EA-74AF8C1ED98C}.WLHXP checked (PREfast)|Win32.ActiveCfg = W7XP checked (PREfast)|Win32
		{7B9C7DB8-DE29-4EFE-B3EA-74AF8C1ED98C}.WLHXP checked|Win32.ActiveCfg = W7XP checked (PREfast)|Win32
		{7B9C7DB8-DE29-4EFE-B3EA-74AF8C1ED98C}.WLHXP free|Win32.ActiveCfg = W7XP checked (PREfast)|Win32
	EndGlobalSection
	GlobalSection(SolutionProperties) = preSolution
		HideSolutionNode = FALSE
	EndGlobalSection
EndGlobal
